PODS:
  - ASMediaStream (1.0.4):
    - GoogleWebRTC
  - GoogleWebRTC (1.1.26115)
  - PromiseKit (6.7.1):
    - PromiseKit/CorePromise (= 6.7.1)
    - PromiseKit/Foundation (= 6.7.1)
    - PromiseKit/UIKit (= 6.7.1)
  - PromiseKit/CorePromise (6.7.1)
  - PromiseKit/Foundation (6.7.1):
    - PromiseKit/CorePromise
  - PromiseKit/UIKit (6.7.1):
    - PromiseKit/CorePromise
  - SnapKit (4.2.0)
  - Starscream (3.0.6)

DEPENDENCIES:
  - ASMediaStream (from `../`)
  - PromiseKit
  - SnapKit
  - Starscream

SPEC REPOS:
  https://github.com/cocoapods/specs.git:
    - GoogleWebRTC
    - PromiseKit
    - SnapKit
    - Starscream

EXTERNAL SOURCES:
  ASMediaStream:
    :path: "../"

SPEC CHECKSUMS:
  ASMediaStream: d9bbb30310adb6a34aa8b45845ba139646daa86b
  GoogleWebRTC: 7d833975fab5dcd21a89d2a97a375593b90cbc9b
  PromiseKit: ef376fb8b4e92edfeb66bd403b983eaa07fbde0c
  SnapKit: fe8a619752f3f27075cc9a90244d75c6c3f27e2a
  Starscream: ef3ece99d765eeccb67de105bfa143f929026cf5

PODFILE CHECKSUM: 66b048069f00202da89d7198d0cdc25558be30ac

COCOAPODS: 1.5.3
