// !$*UTF8*$!
{
	archiveVersion = 1;
	classes = {
	};
	objectVersion = 46;
	objects = {

/* Begin PBXBuildFile section */
		4970ED00E4B403F2C0655C8C /* Pods_ASMediaStream_Example.framework in Frameworks */ = {isa = PBXBuildFile; fileRef = 8EE0606DDF4A673EDC78C6C2 /* Pods_ASMediaStream_Example.framework */; };
		607FACEC1AFB9204008FA782 /* Tests.swift in Sources */ = {isa = PBXBuildFile; fileRef = 607FACEB1AFB9204008FA782 /* Tests.swift */; };
		6601059021E2481800E19369 /* AppDelegate.swift in Sources */ = {isa = PBXBuildFile; fileRef = 6601058E21E2481800E19369 /* AppDelegate.swift */; };
		6601059A21E2482100E19369 /* ASMediaStreamClientError+Extension.swift in Sources */ = {isa = PBXBuildFile; fileRef = 6601059621E2482100E19369 /* ASMediaStreamClientError+Extension.swift */; };
		660105A221E2484F00E19369 /* LaunchScreen.xib in Resources */ = {isa = PBXBuildFile; fileRef = 6601059D21E2484F00E19369 /* LaunchScreen.xib */; };
		660105A321E2484F00E19369 /* Main.storyboard in Resources */ = {isa = PBXBuildFile; fileRef = 6601059F21E2484F00E19369 /* Main.storyboard */; };
		660105A421E2484F00E19369 /* Images.xcassets in Resources */ = {isa = PBXBuildFile; fileRef = 660105A121E2484F00E19369 /* Images.xcassets */; };
		660105B721E24D0900E19369 /* WebSocketSession.swift in Sources */ = {isa = PBXBuildFile; fileRef = 660105B621E24D0900E19369 /* WebSocketSession.swift */; };
		660105B921E24DD800E19369 /* WebSocketSessionError.swift in Sources */ = {isa = PBXBuildFile; fileRef = 660105B821E24DD800E19369 /* WebSocketSessionError.swift */; };
		660105BB21E24F7E00E19369 /* WebSocketSessionFactory.swift in Sources */ = {isa = PBXBuildFile; fileRef = 660105BA21E24F7E00E19369 /* WebSocketSessionFactory.swift */; };
		660105C121E250D200E19369 /* UIViewController+Extension.swift in Sources */ = {isa = PBXBuildFile; fileRef = 660105BC21E250D200E19369 /* UIViewController+Extension.swift */; };
		660105C421E250D200E19369 /* Data+Extension.swift in Sources */ = {isa = PBXBuildFile; fileRef = 660105BF21E250D200E19369 /* Data+Extension.swift */; };
		660105C521E250D200E19369 /* Encodable+Extension.swift in Sources */ = {isa = PBXBuildFile; fileRef = 660105C021E250D200E19369 /* Encodable+Extension.swift */; };
		660105C721E2521200E19369 /* JSONAdapter.swift in Sources */ = {isa = PBXBuildFile; fileRef = 660105C621E2521200E19369 /* JSONAdapter.swift */; };
		660105C921E254CA00E19369 /* WSError+Extension.swift in Sources */ = {isa = PBXBuildFile; fileRef = 660105C821E254CA00E19369 /* WSError+Extension.swift */; };
		660105D021E2562A00E19369 /* SessionDescriptionRemote.swift in Sources */ = {isa = PBXBuildFile; fileRef = 660105CF21E2562A00E19369 /* SessionDescriptionRemote.swift */; };
		660105D221E2569000E19369 /* CandidateRemote.swift in Sources */ = {isa = PBXBuildFile; fileRef = 660105D121E2569000E19369 /* CandidateRemote.swift */; };
		660105D421E2571000E19369 /* WebSocketMessageTypeRemote.swift in Sources */ = {isa = PBXBuildFile; fileRef = 660105D321E2571000E19369 /* WebSocketMessageTypeRemote.swift */; };
		660105D821E2577000E19369 /* WebSocketMessageRemote.swift in Sources */ = {isa = PBXBuildFile; fileRef = 660105D721E2577000E19369 /* WebSocketMessageRemote.swift */; };
		660105DA21E2586B00E19369 /* WebSocketContentRemote.swift in Sources */ = {isa = PBXBuildFile; fileRef = 660105D921E2586B00E19369 /* WebSocketContentRemote.swift */; };
		660105DC21E258E400E19369 /* WebSocketContentTypeRemote.swift in Sources */ = {isa = PBXBuildFile; fileRef = 660105DB21E258E400E19369 /* WebSocketContentTypeRemote.swift */; };
		662AF8EC21E2705300D46FD0 /* RoomViewController.swift in Sources */ = {isa = PBXBuildFile; fileRef = 662AF8EB21E2705300D46FD0 /* RoomViewController.swift */; };
		666DB48121EBB791002E423B /* NavigationController.swift in Sources */ = {isa = PBXBuildFile; fileRef = 666DB47F21EBB791002E423B /* NavigationController.swift */; };
		666DB48221EBB791002E423B /* ViewController.swift in Sources */ = {isa = PBXBuildFile; fileRef = 666DB48021EBB791002E423B /* ViewController.swift */; };
		666DB48521EBB7B8002E423B /* Localizable.strings in Resources */ = {isa = PBXBuildFile; fileRef = 666DB48321EBB7B8002E423B /* Localizable.strings */; };
		666F33B421E735E8007EC3B6 /* UIColor+Extension.swift in Sources */ = {isa = PBXBuildFile; fileRef = 666F33B321E735E8007EC3B6 /* UIColor+Extension.swift */; };
		66D885AE21E390E5008AE4CC /* VideoPagerViewController.swift in Sources */ = {isa = PBXBuildFile; fileRef = 66D885AD21E390E5008AE4CC /* VideoPagerViewController.swift */; };
		66D885B021E39105008AE4CC /* VideoPageViewController.swift in Sources */ = {isa = PBXBuildFile; fileRef = 66D885AF21E39105008AE4CC /* VideoPageViewController.swift */; };
		E940BC2D2EC1E7F65C10E6D0 /* Pods_ASMediaStream_Tests.framework in Frameworks */ = {isa = PBXBuildFile; fileRef = A6C4818484FCFD0B80E81D06 /* Pods_ASMediaStream_Tests.framework */; };
/* End PBXBuildFile section */

/* Begin PBXContainerItemProxy section */
		607FACE61AFB9204008FA782 /* PBXContainerItemProxy */ = {
			isa = PBXContainerItemProxy;
			containerPortal = 607FACC81AFB9204008FA782 /* Project object */;
			proxyType = 1;
			remoteGlobalIDString = 607FACCF1AFB9204008FA782;
			remoteInfo = ASMediaStream;
		};
/* End PBXContainerItemProxy section */

/* Begin PBXFileReference section */
		015720AE2828E6C4FE143660 /* Pods-ASMediaStream_Tests.release.xcconfig */ = {isa = PBXFileReference; includeInIndex = 1; lastKnownFileType = text.xcconfig; name = "Pods-ASMediaStream_Tests.release.xcconfig"; path = "Pods/Target Support Files/Pods-ASMediaStream_Tests/Pods-ASMediaStream_Tests.release.xcconfig"; sourceTree = "<group>"; };
		607FACD01AFB9204008FA782 /* ASMediaStream_Example.app */ = {isa = PBXFileReference; explicitFileType = wrapper.application; includeInIndex = 0; path = ASMediaStream_Example.app; sourceTree = BUILT_PRODUCTS_DIR; };
		607FACD41AFB9204008FA782 /* Info.plist */ = {isa = PBXFileReference; lastKnownFileType = text.plist.xml; path = Info.plist; sourceTree = "<group>"; };
		607FACE51AFB9204008FA782 /* ASMediaStream_Tests.xctest */ = {isa = PBXFileReference; explicitFileType = wrapper.cfbundle; includeInIndex = 0; path = ASMediaStream_Tests.xctest; sourceTree = BUILT_PRODUCTS_DIR; };
		607FACEA1AFB9204008FA782 /* Info.plist */ = {isa = PBXFileReference; lastKnownFileType = text.plist.xml; path = Info.plist; sourceTree = "<group>"; };
		607FACEB1AFB9204008FA782 /* Tests.swift */ = {isa = PBXFileReference; lastKnownFileType = sourcecode.swift; path = Tests.swift; sourceTree = "<group>"; };
		61B50159663A486583ADEA46 /* LICENSE */ = {isa = PBXFileReference; includeInIndex = 1; lastKnownFileType = text; name = LICENSE; path = ../LICENSE; sourceTree = "<group>"; };
		6601058E21E2481800E19369 /* AppDelegate.swift */ = {isa = PBXFileReference; fileEncoding = 4; lastKnownFileType = sourcecode.swift; path = AppDelegate.swift; sourceTree = "<group>"; };
		6601059621E2482100E19369 /* ASMediaStreamClientError+Extension.swift */ = {isa = PBXFileReference; fileEncoding = 4; lastKnownFileType = sourcecode.swift; path = "ASMediaStreamClientError+Extension.swift"; sourceTree = "<group>"; };
		6601059E21E2484F00E19369 /* Base */ = {isa = PBXFileReference; lastKnownFileType = file.xib; name = Base; path = LaunchScreen.xib; sourceTree = "<group>"; };
		660105A021E2484F00E19369 /* Base */ = {isa = PBXFileReference; lastKnownFileType = file.storyboard; name = Base; path = Main.storyboard; sourceTree = "<group>"; };
		660105A121E2484F00E19369 /* Images.xcassets */ = {isa = PBXFileReference; lastKnownFileType = folder.assetcatalog; path = Images.xcassets; sourceTree = "<group>"; };
		660105B621E24D0900E19369 /* WebSocketSession.swift */ = {isa = PBXFileReference; lastKnownFileType = sourcecode.swift; path = WebSocketSession.swift; sourceTree = "<group>"; };
		660105B821E24DD800E19369 /* WebSocketSessionError.swift */ = {isa = PBXFileReference; lastKnownFileType = sourcecode.swift; path = WebSocketSessionError.swift; sourceTree = "<group>"; };
		660105BA21E24F7E00E19369 /* WebSocketSessionFactory.swift */ = {isa = PBXFileReference; lastKnownFileType = sourcecode.swift; path = WebSocketSessionFactory.swift; sourceTree = "<group>"; };
		660105BC21E250D200E19369 /* UIViewController+Extension.swift */ = {isa = PBXFileReference; fileEncoding = 4; lastKnownFileType = sourcecode.swift; path = "UIViewController+Extension.swift"; sourceTree = "<group>"; };
		660105BF21E250D200E19369 /* Data+Extension.swift */ = {isa = PBXFileReference; fileEncoding = 4; lastKnownFileType = sourcecode.swift; path = "Data+Extension.swift"; sourceTree = "<group>"; };
		660105C021E250D200E19369 /* Encodable+Extension.swift */ = {isa = PBXFileReference; fileEncoding = 4; lastKnownFileType = sourcecode.swift; path = "Encodable+Extension.swift"; sourceTree = "<group>"; };
		660105C621E2521200E19369 /* JSONAdapter.swift */ = {isa = PBXFileReference; fileEncoding = 4; lastKnownFileType = sourcecode.swift; path = JSONAdapter.swift; sourceTree = "<group>"; };
		660105C821E254CA00E19369 /* WSError+Extension.swift */ = {isa = PBXFileReference; lastKnownFileType = sourcecode.swift; path = "WSError+Extension.swift"; sourceTree = "<group>"; };
		660105CF21E2562A00E19369 /* SessionDescriptionRemote.swift */ = {isa = PBXFileReference; lastKnownFileType = sourcecode.swift; path = SessionDescriptionRemote.swift; sourceTree = "<group>"; };
		660105D121E2569000E19369 /* CandidateRemote.swift */ = {isa = PBXFileReference; lastKnownFileType = sourcecode.swift; path = CandidateRemote.swift; sourceTree = "<group>"; };
		660105D321E2571000E19369 /* WebSocketMessageTypeRemote.swift */ = {isa = PBXFileReference; lastKnownFileType = sourcecode.swift; path = WebSocketMessageTypeRemote.swift; sourceTree = "<group>"; };
		660105D721E2577000E19369 /* WebSocketMessageRemote.swift */ = {isa = PBXFileReference; lastKnownFileType = sourcecode.swift; path = WebSocketMessageRemote.swift; sourceTree = "<group>"; };
		660105D921E2586B00E19369 /* WebSocketContentRemote.swift */ = {isa = PBXFileReference; lastKnownFileType = sourcecode.swift; path = WebSocketContentRemote.swift; sourceTree = "<group>"; };
		660105DB21E258E400E19369 /* WebSocketContentTypeRemote.swift */ = {isa = PBXFileReference; lastKnownFileType = sourcecode.swift; path = WebSocketContentTypeRemote.swift; sourceTree = "<group>"; };
		662AF8EB21E2705300D46FD0 /* RoomViewController.swift */ = {isa = PBXFileReference; lastKnownFileType = sourcecode.swift; path = RoomViewController.swift; sourceTree = "<group>"; };
		666DB47F21EBB791002E423B /* NavigationController.swift */ = {isa = PBXFileReference; fileEncoding = 4; lastKnownFileType = sourcecode.swift; path = NavigationController.swift; sourceTree = "<group>"; };
		666DB48021EBB791002E423B /* ViewController.swift */ = {isa = PBXFileReference; fileEncoding = 4; lastKnownFileType = sourcecode.swift; path = ViewController.swift; sourceTree = "<group>"; };
		666DB48421EBB7B8002E423B /* pl-PL */ = {isa = PBXFileReference; lastKnownFileType = text.plist.strings; name = "pl-PL"; path = "pl-PL.lproj/Localizable.strings"; sourceTree = "<group>"; };
		666DB48621EBB7BD002E423B /* en */ = {isa = PBXFileReference; lastKnownFileType = text.plist.strings; name = en; path = en.lproj/Localizable.strings; sourceTree = "<group>"; };
		666F33B321E735E8007EC3B6 /* UIColor+Extension.swift */ = {isa = PBXFileReference; fileEncoding = 4; lastKnownFileType = sourcecode.swift; path = "UIColor+Extension.swift"; sourceTree = "<group>"; };
		66D885AD21E390E5008AE4CC /* VideoPagerViewController.swift */ = {isa = PBXFileReference; lastKnownFileType = sourcecode.swift; path = VideoPagerViewController.swift; sourceTree = "<group>"; };
		66D885AF21E39105008AE4CC /* VideoPageViewController.swift */ = {isa = PBXFileReference; lastKnownFileType = sourcecode.swift; path = VideoPageViewController.swift; sourceTree = "<group>"; };
		85E604E1FA204DAE45159E0F /* Pods-ASMediaStream_Example.release.xcconfig */ = {isa = PBXFileReference; includeInIndex = 1; lastKnownFileType = text.xcconfig; name = "Pods-ASMediaStream_Example.release.xcconfig"; path = "Pods/Target Support Files/Pods-ASMediaStream_Example/Pods-ASMediaStream_Example.release.xcconfig"; sourceTree = "<group>"; };
		8723997A5F9EBCA45FC8013A /* Pods-ASMediaStream_Example.debug.xcconfig */ = {isa = PBXFileReference; includeInIndex = 1; lastKnownFileType = text.xcconfig; name = "Pods-ASMediaStream_Example.debug.xcconfig"; path = "Pods/Target Support Files/Pods-ASMediaStream_Example/Pods-ASMediaStream_Example.debug.xcconfig"; sourceTree = "<group>"; };
		8EE0606DDF4A673EDC78C6C2 /* Pods_ASMediaStream_Example.framework */ = {isa = PBXFileReference; explicitFileType = wrapper.framework; includeInIndex = 0; path = Pods_ASMediaStream_Example.framework; sourceTree = BUILT_PRODUCTS_DIR; };
		9FBAB857EDF299B03A8C46CD /* ASMediaStream.podspec */ = {isa = PBXFileReference; includeInIndex = 1; lastKnownFileType = text; name = ASMediaStream.podspec; path = ../ASMediaStream.podspec; sourceTree = "<group>"; xcLanguageSpecificationIdentifier = xcode.lang.ruby; };
		A6C4818484FCFD0B80E81D06 /* Pods_ASMediaStream_Tests.framework */ = {isa = PBXFileReference; explicitFileType = wrapper.framework; includeInIndex = 0; path = Pods_ASMediaStream_Tests.framework; sourceTree = BUILT_PRODUCTS_DIR; };
		C6D73ABD573F32284235DE44 /* README.md */ = {isa = PBXFileReference; includeInIndex = 1; lastKnownFileType = net.daringfireball.markdown; name = README.md; path = ../README.md; sourceTree = "<group>"; };
		D430B716DD8E3A0B5CDDBAB0 /* Pods-ASMediaStream_Tests.debug.xcconfig */ = {isa = PBXFileReference; includeInIndex = 1; lastKnownFileType = text.xcconfig; name = "Pods-ASMediaStream_Tests.debug.xcconfig"; path = "Pods/Target Support Files/Pods-ASMediaStream_Tests/Pods-ASMediaStream_Tests.debug.xcconfig"; sourceTree = "<group>"; };
/* End PBXFileReference section */

/* Begin PBXFrameworksBuildPhase section */
		607FACCD1AFB9204008FA782 /* Frameworks */ = {
			isa = PBXFrameworksBuildPhase;
			buildActionMask = 2147483647;
			files = (
				4970ED00E4B403F2C0655C8C /* Pods_ASMediaStream_Example.framework in Frameworks */,
			);
			runOnlyForDeploymentPostprocessing = 0;
		};
		607FACE21AFB9204008FA782 /* Frameworks */ = {
			isa = PBXFrameworksBuildPhase;
			buildActionMask = 2147483647;
			files = (
				E940BC2D2EC1E7F65C10E6D0 /* Pods_ASMediaStream_Tests.framework in Frameworks */,
			);
			runOnlyForDeploymentPostprocessing = 0;
		};
/* End PBXFrameworksBuildPhase section */

/* Begin PBXGroup section */
		04F30FB824F7701DA1A030C4 /* Frameworks */ = {
			isa = PBXGroup;
			children = (
				8EE0606DDF4A673EDC78C6C2 /* Pods_ASMediaStream_Example.framework */,
				A6C4818484FCFD0B80E81D06 /* Pods_ASMediaStream_Tests.framework */,
			);
			name = Frameworks;
			sourceTree = "<group>";
		};
		4F079596617FFFDC0E7978DD /* Pods */ = {
			isa = PBXGroup;
			children = (
				8723997A5F9EBCA45FC8013A /* Pods-ASMediaStream_Example.debug.xcconfig */,
				85E604E1FA204DAE45159E0F /* Pods-ASMediaStream_Example.release.xcconfig */,
				D430B716DD8E3A0B5CDDBAB0 /* Pods-ASMediaStream_Tests.debug.xcconfig */,
				015720AE2828E6C4FE143660 /* Pods-ASMediaStream_Tests.release.xcconfig */,
			);
			name = Pods;
			sourceTree = "<group>";
		};
		607FACC71AFB9204008FA782 = {
			isa = PBXGroup;
			children = (
				607FACF51AFB993E008FA782 /* Podspec Metadata */,
				607FACD21AFB9204008FA782 /* Example for ASMediaStream */,
				607FACE81AFB9204008FA782 /* Tests */,
				607FACD11AFB9204008FA782 /* Products */,
				4F079596617FFFDC0E7978DD /* Pods */,
				04F30FB824F7701DA1A030C4 /* Frameworks */,
			);
			sourceTree = "<group>";
		};
		607FACD11AFB9204008FA782 /* Products */ = {
			isa = PBXGroup;
			children = (
				607FACD01AFB9204008FA782 /* ASMediaStream_Example.app */,
				607FACE51AFB9204008FA782 /* ASMediaStream_Tests.xctest */,
			);
			name = Products;
			sourceTree = "<group>";
		};
		607FACD21AFB9204008FA782 /* Example for ASMediaStream */ = {
			isa = PBXGroup;
			children = (
				6601059121E2482100E19369 /* Source */,
				660105A521E2485500E19369 /* Resources */,
				607FACD31AFB9204008FA782 /* Supporting Files */,
			);
			name = "Example for ASMediaStream";
			path = ASMediaStream;
			sourceTree = "<group>";
		};
		607FACD31AFB9204008FA782 /* Supporting Files */ = {
			isa = PBXGroup;
			children = (
				607FACD41AFB9204008FA782 /* Info.plist */,
			);
			name = "Supporting Files";
			sourceTree = "<group>";
		};
		607FACE81AFB9204008FA782 /* Tests */ = {
			isa = PBXGroup;
			children = (
				607FACEB1AFB9204008FA782 /* Tests.swift */,
				607FACE91AFB9204008FA782 /* Supporting Files */,
			);
			path = Tests;
			sourceTree = "<group>";
		};
		607FACE91AFB9204008FA782 /* Supporting Files */ = {
			isa = PBXGroup;
			children = (
				607FACEA1AFB9204008FA782 /* Info.plist */,
			);
			name = "Supporting Files";
			sourceTree = "<group>";
		};
		607FACF51AFB993E008FA782 /* Podspec Metadata */ = {
			isa = PBXGroup;
			children = (
				9FBAB857EDF299B03A8C46CD /* ASMediaStream.podspec */,
				C6D73ABD573F32284235DE44 /* README.md */,
				61B50159663A486583ADEA46 /* LICENSE */,
			);
			name = "Podspec Metadata";
			sourceTree = "<group>";
		};
		6601059121E2482100E19369 /* Source */ = {
			isa = PBXGroup;
			children = (
				6601058E21E2481800E19369 /* AppDelegate.swift */,
				660105C621E2521200E19369 /* JSONAdapter.swift */,
				6601059521E2482100E19369 /* Extension */,
				660105CE21E2560500E19369 /* Model */,
				660105B521E24B7900E19369 /* Signaling */,
				662AF8E721E2701900D46FD0 /* Controller */,
			);
			path = Source;
			sourceTree = "<group>";
		};
		6601059521E2482100E19369 /* Extension */ = {
			isa = PBXGroup;
			children = (
				666F33B321E735E8007EC3B6 /* UIColor+Extension.swift */,
				6601059621E2482100E19369 /* ASMediaStreamClientError+Extension.swift */,
				660105C821E254CA00E19369 /* WSError+Extension.swift */,
				660105BF21E250D200E19369 /* Data+Extension.swift */,
				660105C021E250D200E19369 /* Encodable+Extension.swift */,
				660105BC21E250D200E19369 /* UIViewController+Extension.swift */,
			);
			path = Extension;
			sourceTree = "<group>";
		};
		660105A521E2485500E19369 /* Resources */ = {
			isa = PBXGroup;
			children = (
				666DB48321EBB7B8002E423B /* Localizable.strings */,
				6601059D21E2484F00E19369 /* LaunchScreen.xib */,
				6601059F21E2484F00E19369 /* Main.storyboard */,
				660105A121E2484F00E19369 /* Images.xcassets */,
			);
			path = Resources;
			sourceTree = "<group>";
		};
		660105B521E24B7900E19369 /* Signaling */ = {
			isa = PBXGroup;
			children = (
				660105BA21E24F7E00E19369 /* WebSocketSessionFactory.swift */,
				660105B821E24DD800E19369 /* WebSocketSessionError.swift */,
				660105B621E24D0900E19369 /* WebSocketSession.swift */,
			);
			path = Signaling;
			sourceTree = "<group>";
		};
		660105CE21E2560500E19369 /* Model */ = {
			isa = PBXGroup;
			children = (
				660105D321E2571000E19369 /* WebSocketMessageTypeRemote.swift */,
				660105D721E2577000E19369 /* WebSocketMessageRemote.swift */,
				660105DB21E258E400E19369 /* WebSocketContentTypeRemote.swift */,
				660105D921E2586B00E19369 /* WebSocketContentRemote.swift */,
				660105CF21E2562A00E19369 /* SessionDescriptionRemote.swift */,
				660105D121E2569000E19369 /* CandidateRemote.swift */,
			);
			path = Model;
			sourceTree = "<group>";
		};
		662AF8E721E2701900D46FD0 /* Controller */ = {
			isa = PBXGroup;
			children = (
				66D885AD21E390E5008AE4CC /* VideoPagerViewController.swift */,
				66D885AF21E39105008AE4CC /* VideoPageViewController.swift */,
				662AF8EB21E2705300D46FD0 /* RoomViewController.swift */,
				666DB47F21EBB791002E423B /* NavigationController.swift */,
				666DB48021EBB791002E423B /* ViewController.swift */,
			);
			path = Controller;
			sourceTree = "<group>";
		};
/* End PBXGroup section */

/* Begin PBXNativeTarget section */
		607FACCF1AFB9204008FA782 /* ASMediaStream_Example */ = {
			isa = PBXNativeTarget;
			buildConfigurationList = 607FACEF1AFB9204008FA782 /* Build configuration list for PBXNativeTarget "ASMediaStream_Example" */;
			buildPhases = (
				428EB188D6D06602B86BF302 /* [CP] Check Pods Manifest.lock */,
				607FACCC1AFB9204008FA782 /* Sources */,
				607FACCD1AFB9204008FA782 /* Frameworks */,
				607FACCE1AFB9204008FA782 /* Resources */,
				5690465F5B970466695CA4F6 /* [CP] Embed Pods Frameworks */,
			);
			buildRules = (
			);
			dependencies = (
			);
			name = ASMediaStream_Example;
			productName = ASMediaStream;
			productReference = 607FACD01AFB9204008FA782 /* ASMediaStream_Example.app */;
			productType = "com.apple.product-type.application";
		};
		607FACE41AFB9204008FA782 /* ASMediaStream_Tests */ = {
			isa = PBXNativeTarget;
			buildConfigurationList = 607FACF21AFB9204008FA782 /* Build configuration list for PBXNativeTarget "ASMediaStream_Tests" */;
			buildPhases = (
				E2FFAE6A226BCC5C7A6693DB /* [CP] Check Pods Manifest.lock */,
				607FACE11AFB9204008FA782 /* Sources */,
				607FACE21AFB9204008FA782 /* Frameworks */,
				607FACE31AFB9204008FA782 /* Resources */,
			);
			buildRules = (
			);
			dependencies = (
				607FACE71AFB9204008FA782 /* PBXTargetDependency */,
			);
			name = ASMediaStream_Tests;
			productName = Tests;
			productReference = 607FACE51AFB9204008FA782 /* ASMediaStream_Tests.xctest */;
			productType = "com.apple.product-type.bundle.unit-test";
		};
/* End PBXNativeTarget section */

/* Begin PBXProject section */
		607FACC81AFB9204008FA782 /* Project object */ = {
			isa = PBXProject;
			attributes = {
				LastSwiftUpdateCheck = 0830;
				LastUpgradeCheck = 1010;
				ORGANIZATIONNAME = CocoaPods;
				TargetAttributes = {
					607FACCF1AFB9204008FA782 = {
						CreatedOnToolsVersion = 6.3.1;
						DevelopmentTeam = 9KDW35V6BS;
						LastSwiftMigration = 1020;
					};
					607FACE41AFB9204008FA782 = {
						CreatedOnToolsVersion = 6.3.1;
						DevelopmentTeam = 9KDW35V6BS;
						LastSwiftMigration = 1020;
						TestTargetID = 607FACCF1AFB9204008FA782;
					};
				};
			};
			buildConfigurationList = 607FACCB1AFB9204008FA782 /* Build configuration list for PBXProject "ASMediaStream" */;
			compatibilityVersion = "Xcode 3.2";
			developmentRegion = en;
			hasScannedForEncodings = 0;
			knownRegions = (
				en,
				Base,
				"pl-PL",
				global,
			);
			mainGroup = 607FACC71AFB9204008FA782;
			productRefGroup = 607FACD11AFB9204008FA782 /* Products */;
			projectDirPath = "";
			projectRoot = "";
			targets = (
				607FACCF1AFB9204008FA782 /* ASMediaStream_Example */,
				607FACE41AFB9204008FA782 /* ASMediaStream_Tests */,
			);
		};
/* End PBXProject section */

/* Begin PBXResourcesBuildPhase section */
		607FACCE1AFB9204008FA782 /* Resources */ = {
			isa = PBXResourcesBuildPhase;
			buildActionMask = 2147483647;
			files = (
				660105A421E2484F00E19369 /* Images.xcassets in Resources */,
				666DB48521EBB7B8002E423B /* Localizable.strings in Resources */,
				660105A221E2484F00E19369 /* LaunchScreen.xib in Resources */,
				660105A321E2484F00E19369 /* Main.storyboard in Resources */,
			);
			runOnlyForDeploymentPostprocessing = 0;
		};
		607FACE31AFB9204008FA782 /* Resources */ = {
			isa = PBXResourcesBuildPhase;
			buildActionMask = 2147483647;
			files = (
			);
			runOnlyForDeploymentPostprocessing = 0;
		};
/* End PBXResourcesBuildPhase section */

/* Begin PBXShellScriptBuildPhase section */
		428EB188D6D06602B86BF302 /* [CP] Check Pods Manifest.lock */ = {
			isa = PBXShellScriptBuildPhase;
			buildActionMask = 2147483647;
			files = (
			);
			inputPaths = (
				"${PODS_PODFILE_DIR_PATH}/Podfile.lock",
				"${PODS_ROOT}/Manifest.lock",
			);
			name = "[CP] Check Pods Manifest.lock";
			outputPaths = (
				"$(DERIVED_FILE_DIR)/Pods-ASMediaStream_Example-checkManifestLockResult.txt",
			);
			runOnlyForDeploymentPostprocessing = 0;
			shellPath = /bin/sh;
			shellScript = "diff \"${PODS_PODFILE_DIR_PATH}/Podfile.lock\" \"${PODS_ROOT}/Manifest.lock\" > /dev/null\nif [ $? != 0 ] ; then\n    # print error to STDERR\n    echo \"error: The sandbox is not in sync with the Podfile.lock. Run 'pod install' or update your CocoaPods installation.\" >&2\n    exit 1\nfi\n# This output is used by Xcode 'outputs' to avoid re-running this script phase.\necho \"SUCCESS\" > \"${SCRIPT_OUTPUT_FILE_0}\"\n";
			showEnvVarsInLog = 0;
		};
		5690465F5B970466695CA4F6 /* [CP] Embed Pods Frameworks */ = {
			isa = PBXShellScriptBuildPhase;
			buildActionMask = 2147483647;
			files = (
			);
			inputPaths = (
				"${PODS_ROOT}/Target Support Files/Pods-ASMediaStream_Example/Pods-ASMediaStream_Example-frameworks.sh",
				"${BUILT_PRODUCTS_DIR}/ASMediaStream/ASMediaStream.framework",
				"${PODS_ROOT}/GoogleWebRTC/Frameworks/frameworks/WebRTC.framework",
				"${BUILT_PRODUCTS_DIR}/PromiseKit/PromiseKit.framework",
				"${BUILT_PRODUCTS_DIR}/Starscream/Starscream.framework",
			);
			name = "[CP] Embed Pods Frameworks";
			outputPaths = (
				"${TARGET_BUILD_DIR}/${FRAMEWORKS_FOLDER_PATH}/ASMediaStream.framework",
				"${TARGET_BUILD_DIR}/${FRAMEWORKS_FOLDER_PATH}/WebRTC.framework",
				"${TARGET_BUILD_DIR}/${FRAMEWORKS_FOLDER_PATH}/PromiseKit.framework",
				"${TARGET_BUILD_DIR}/${FRAMEWORKS_FOLDER_PATH}/Starscream.framework",
			);
			runOnlyForDeploymentPostprocessing = 0;
			shellPath = /bin/sh;
			shellScript = "\"${PODS_ROOT}/Target Support Files/Pods-ASMediaStream_Example/Pods-ASMediaStream_Example-frameworks.sh\"\n";
			showEnvVarsInLog = 0;
		};
		E2FFAE6A226BCC5C7A6693DB /* [CP] Check Pods Manifest.lock */ = {
			isa = PBXShellScriptBuildPhase;
			buildActionMask = 2147483647;
			files = (
			);
			inputPaths = (
				"${PODS_PODFILE_DIR_PATH}/Podfile.lock",
				"${PODS_ROOT}/Manifest.lock",
			);
			name = "[CP] Check Pods Manifest.lock";
			outputPaths = (
				"$(DERIVED_FILE_DIR)/Pods-ASMediaStream_Tests-checkManifestLockResult.txt",
			);
			runOnlyForDeploymentPostprocessing = 0;
			shellPath = /bin/sh;
			shellScript = "diff \"${PODS_PODFILE_DIR_PATH}/Podfile.lock\" \"${PODS_ROOT}/Manifest.lock\" > /dev/null\nif [ $? != 0 ] ; then\n    # print error to STDERR\n    echo \"error: The sandbox is not in sync with the Podfile.lock. Run 'pod install' or update your CocoaPods installation.\" >&2\n    exit 1\nfi\n# This output is used by Xcode 'outputs' to avoid re-running this script phase.\necho \"SUCCESS\" > \"${SCRIPT_OUTPUT_FILE_0}\"\n";
			showEnvVarsInLog = 0;
		};
/* End PBXShellScriptBuildPhase section */

/* Begin PBXSourcesBuildPhase section */
		607FACCC1AFB9204008FA782 /* Sources */ = {
			isa = PBXSourcesBuildPhase;
			buildActionMask = 2147483647;
			files = (
				660105C921E254CA00E19369 /* WSError+Extension.swift in Sources */,
				660105D021E2562A00E19369 /* SessionDescriptionRemote.swift in Sources */,
				660105D421E2571000E19369 /* WebSocketMessageTypeRemote.swift in Sources */,
				662AF8EC21E2705300D46FD0 /* RoomViewController.swift in Sources */,
				666DB48221EBB791002E423B /* ViewController.swift in Sources */,
				660105C121E250D200E19369 /* UIViewController+Extension.swift in Sources */,
				660105C721E2521200E19369 /* JSONAdapter.swift in Sources */,
				660105D221E2569000E19369 /* CandidateRemote.swift in Sources */,
				660105D821E2577000E19369 /* WebSocketMessageRemote.swift in Sources */,
				6601059021E2481800E19369 /* AppDelegate.swift in Sources */,
				6601059A21E2482100E19369 /* ASMediaStreamClientError+Extension.swift in Sources */,
				660105DA21E2586B00E19369 /* WebSocketContentRemote.swift in Sources */,
				660105C521E250D200E19369 /* Encodable+Extension.swift in Sources */,
				660105C421E250D200E19369 /* Data+Extension.swift in Sources */,
				66D885B021E39105008AE4CC /* VideoPageViewController.swift in Sources */,
				660105BB21E24F7E00E19369 /* WebSocketSessionFactory.swift in Sources */,
				660105B921E24DD800E19369 /* WebSocketSessionError.swift in Sources */,
				666F33B421E735E8007EC3B6 /* UIColor+Extension.swift in Sources */,
				660105DC21E258E400E19369 /* WebSocketContentTypeRemote.swift in Sources */,
				66D885AE21E390E5008AE4CC /* VideoPagerViewController.swift in Sources */,
				666DB48121EBB791002E423B /* NavigationController.swift in Sources */,
				660105B721E24D0900E19369 /* WebSocketSession.swift in Sources */,
			);
			runOnlyForDeploymentPostprocessing = 0;
		};
		607FACE11AFB9204008FA782 /* Sources */ = {
			isa = PBXSourcesBuildPhase;
			buildActionMask = 2147483647;
			files = (
				607FACEC1AFB9204008FA782 /* Tests.swift in Sources */,
			);
			runOnlyForDeploymentPostprocessing = 0;
		};
/* End PBXSourcesBuildPhase section */

/* Begin PBXTargetDependency section */
		607FACE71AFB9204008FA782 /* PBXTargetDependency */ = {
			isa = PBXTargetDependency;
			target = 607FACCF1AFB9204008FA782 /* ASMediaStream_Example */;
			targetProxy = 607FACE61AFB9204008FA782 /* PBXContainerItemProxy */;
		};
/* End PBXTargetDependency section */

/* Begin PBXVariantGroup section */
		6601059D21E2484F00E19369 /* LaunchScreen.xib */ = {
			isa = PBXVariantGroup;
			children = (
				6601059E21E2484F00E19369 /* Base */,
			);
			name = LaunchScreen.xib;
			sourceTree = "<group>";
		};
		6601059F21E2484F00E19369 /* Main.storyboard */ = {
			isa = PBXVariantGroup;
			children = (
				660105A021E2484F00E19369 /* Base */,
			);
			name = Main.storyboard;
			sourceTree = "<group>";
		};
		666DB48321EBB7B8002E423B /* Localizable.strings */ = {
			isa = PBXVariantGroup;
			children = (
				666DB48421EBB7B8002E423B /* pl-PL */,
				666DB48621EBB7BD002E423B /* en */,
			);
			name = Localizable.strings;
			sourceTree = "<group>";
		};
/* End PBXVariantGroup section */

/* Begin XCBuildConfiguration section */
		607FACED1AFB9204008FA782 /* Debug */ = {
			isa = XCBuildConfiguration;
			buildSettings = {
				ALWAYS_SEARCH_USER_PATHS = NO;
				CLANG_ANALYZER_LOCALIZABILITY_NONLOCALIZED = YES;
				CLANG_CXX_LANGUAGE_STANDARD = "gnu++0x";
				CLANG_CXX_LIBRARY = "libc++";
				CLANG_ENABLE_MODULES = YES;
				CLANG_ENABLE_OBJC_ARC = YES;
				CLANG_WARN_BLOCK_CAPTURE_AUTORELEASING = YES;
				CLANG_WARN_BOOL_CONVERSION = YES;
				CLANG_WARN_COMMA = YES;
				CLANG_WARN_CONSTANT_CONVERSION = YES;
				CLANG_WARN_DEPRECATED_OBJC_IMPLEMENTATIONS = YES;
				CLANG_WARN_DIRECT_OBJC_ISA_USAGE = YES_ERROR;
				CLANG_WARN_EMPTY_BODY = YES;
				CLANG_WARN_ENUM_CONVERSION = YES;
				CLANG_WARN_INFINITE_RECURSION = YES;
				CLANG_WARN_INT_CONVERSION = YES;
				CLANG_WARN_NON_LITERAL_NULL_CONVERSION = YES;
				CLANG_WARN_OBJC_IMPLICIT_RETAIN_SELF = YES;
				CLANG_WARN_OBJC_LITERAL_CONVERSION = YES;
				CLANG_WARN_OBJC_ROOT_CLASS = YES_ERROR;
				CLANG_WARN_RANGE_LOOP_ANALYSIS = YES;
				CLANG_WARN_STRICT_PROTOTYPES = YES;
				CLANG_WARN_SUSPICIOUS_MOVE = YES;
				CLANG_WARN_UNREACHABLE_CODE = YES;
				CLANG_WARN__DUPLICATE_METHOD_MATCH = YES;
				"CODE_SIGN_IDENTITY[sdk=iphoneos*]" = "iPhone Developer";
				COPY_PHASE_STRIP = NO;
				DEBUG_INFORMATION_FORMAT = "dwarf-with-dsym";
				ENABLE_BITCODE = NO;
				ENABLE_STRICT_OBJC_MSGSEND = YES;
				ENABLE_TESTABILITY = YES;
				GCC_C_LANGUAGE_STANDARD = gnu99;
				GCC_DYNAMIC_NO_PIC = NO;
				GCC_NO_COMMON_BLOCKS = YES;
				GCC_OPTIMIZATION_LEVEL = 0;
				GCC_PREPROCESSOR_DEFINITIONS = (
					"DEBUG=1",
					"$(inherited)",
				);
				GCC_SYMBOLS_PRIVATE_EXTERN = NO;
				GCC_WARN_64_TO_32_BIT_CONVERSION = YES;
				GCC_WARN_ABOUT_RETURN_TYPE = YES_ERROR;
				GCC_WARN_UNDECLARED_SELECTOR = YES;
				GCC_WARN_UNINITIALIZED_AUTOS = YES_AGGRESSIVE;
				GCC_WARN_UNUSED_FUNCTION = YES;
				GCC_WARN_UNUSED_VARIABLE = YES;
				IPHONEOS_DEPLOYMENT_TARGET = 11.0;
				MTL_ENABLE_DEBUG_INFO = YES;
				ONLY_ACTIVE_ARCH = YES;
				SDKROOT = iphoneos;
				SWIFT_OPTIMIZATION_LEVEL = "-Onone";
			};
			name = Debug;
		};
		607FACEE1AFB9204008FA782 /* Release */ = {
			isa = XCBuildConfiguration;
			buildSettings = {
				ALWAYS_SEARCH_USER_PATHS = NO;
				CLANG_ANALYZER_LOCALIZABILITY_NONLOCALIZED = YES;
				CLANG_CXX_LANGUAGE_STANDARD = "gnu++0x";
				CLANG_CXX_LIBRARY = "libc++";
				CLANG_ENABLE_MODULES = YES;
				CLANG_ENABLE_OBJC_ARC = YES;
				CLANG_WARN_BLOCK_CAPTURE_AUTORELEASING = YES;
				CLANG_WARN_BOOL_CONVERSION = YES;
				CLANG_WARN_COMMA = YES;
				CLANG_WARN_CONSTANT_CONVERSION = YES;
				CLANG_WARN_DEPRECATED_OBJC_IMPLEMENTATIONS = YES;
				CLANG_WARN_DIRECT_OBJC_ISA_USAGE = YES_ERROR;
				CLANG_WARN_EMPTY_BODY = YES;
				CLANG_WARN_ENUM_CONVERSION = YES;
				CLANG_WARN_INFINITE_RECURSION = YES;
				CLANG_WARN_INT_CONVERSION = YES;
				CLANG_WARN_NON_LITERAL_NULL_CONVERSION = YES;
				CLANG_WARN_OBJC_IMPLICIT_RETAIN_SELF = YES;
				CLANG_WARN_OBJC_LITERAL_CONVERSION = YES;
				CLANG_WARN_OBJC_ROOT_CLASS = YES_ERROR;
				CLANG_WARN_RANGE_LOOP_ANALYSIS = YES;
				CLANG_WARN_STRICT_PROTOTYPES = YES;
				CLANG_WARN_SUSPICIOUS_MOVE = YES;
				CLANG_WARN_UNREACHABLE_CODE = YES;
				CLANG_WARN__DUPLICATE_METHOD_MATCH = YES;
				"CODE_SIGN_IDENTITY[sdk=iphoneos*]" = "iPhone Developer";
				COPY_PHASE_STRIP = NO;
				DEBUG_INFORMATION_FORMAT = "dwarf-with-dsym";
				ENABLE_BITCODE = NO;
				ENABLE_NS_ASSERTIONS = NO;
				ENABLE_STRICT_OBJC_MSGSEND = YES;
				GCC_C_LANGUAGE_STANDARD = gnu99;
				GCC_NO_COMMON_BLOCKS = YES;
				GCC_WARN_64_TO_32_BIT_CONVERSION = YES;
				GCC_WARN_ABOUT_RETURN_TYPE = YES_ERROR;
				GCC_WARN_UNDECLARED_SELECTOR = YES;
				GCC_WARN_UNINITIALIZED_AUTOS = YES_AGGRESSIVE;
				GCC_WARN_UNUSED_FUNCTION = YES;
				GCC_WARN_UNUSED_VARIABLE = YES;
				IPHONEOS_DEPLOYMENT_TARGET = 11.0;
				MTL_ENABLE_DEBUG_INFO = NO;
				SDKROOT = iphoneos;
				SWIFT_OPTIMIZATION_LEVEL = "-Owholemodule";
				VALIDATE_PRODUCT = YES;
			};
			name = Release;
		};
		607FACF01AFB9204008FA782 /* Debug */ = {
			isa = XCBuildConfiguration;
			baseConfigurationReference = 8723997A5F9EBCA45FC8013A /* Pods-ASMediaStream_Example.debug.xcconfig */;
			buildSettings = {
				ASSETCATALOG_COMPILER_APPICON_NAME = AppIcon;
				CLANG_ENABLE_MODULES = YES;
				DEVELOPMENT_TEAM = 9KDW35V6BS;
				INFOPLIST_FILE = ASMediaStream/Info.plist;
				LD_RUNPATH_SEARCH_PATHS = "$(inherited)";
				MODULE_NAME = ExampleApp;
				PRODUCT_BUNDLE_IDENTIFIER = altconnect.mediaStream.example;
				PRODUCT_NAME = "$(TARGET_NAME)";
				SWIFT_OPTIMIZATION_LEVEL = "-Onone";
				SWIFT_VERSION = 5.0;
			};
			name = Debug;
		};
		607FACF11AFB9204008FA782 /* Release */ = {
			isa = XCBuildConfiguration;
			baseConfigurationReference = 85E604E1FA204DAE45159E0F /* Pods-ASMediaStream_Example.release.xcconfig */;
			buildSettings = {
				ASSETCATALOG_COMPILER_APPICON_NAME = AppIcon;
				CLANG_ENABLE_MODULES = YES;
				DEVELOPMENT_TEAM = 9KDW35V6BS;
				INFOPLIST_FILE = ASMediaStream/Info.plist;
				LD_RUNPATH_SEARCH_PATHS = "$(inherited)";
				MODULE_NAME = ExampleApp;
				PRODUCT_BUNDLE_IDENTIFIER = altconnect.mediaStream.example;
				PRODUCT_NAME = "$(TARGET_NAME)";
				SWIFT_VERSION = 5.0;
			};
			name = Release;
		};
		607FACF31AFB9204008FA782 /* Debug */ = {
			isa = XCBuildConfiguration;
			baseConfigurationReference = D430B716DD8E3A0B5CDDBAB0 /* Pods-ASMediaStream_Tests.debug.xcconfig */;
			buildSettings = {
				ALWAYS_EMBED_SWIFT_STANDARD_LIBRARIES = YES;
				DEVELOPMENT_TEAM = 9KDW35V6BS;
				FRAMEWORK_SEARCH_PATHS = "$(inherited)";
				GCC_PREPROCESSOR_DEFINITIONS = (
					"DEBUG=1",
					"$(inherited)",
				);
				INFOPLIST_FILE = Tests/Info.plist;
				LD_RUNPATH_SEARCH_PATHS = "$(inherited)";
				PRODUCT_BUNDLE_IDENTIFIER = "org.cocoapods.$(PRODUCT_NAME:rfc1034identifier)";
				PRODUCT_NAME = "$(TARGET_NAME)";
				SWIFT_VERSION = 5.0;
				TEST_HOST = "$(BUILT_PRODUCTS_DIR)/ASMediaStream_Example.app/ASMediaStream_Example";
			};
			name = Debug;
		};
		607FACF41AFB9204008FA782 /* Release */ = {
			isa = XCBuildConfiguration;
			baseConfigurationReference = 015720AE2828E6C4FE143660 /* Pods-ASMediaStream_Tests.release.xcconfig */;
			buildSettings = {
				ALWAYS_EMBED_SWIFT_STANDARD_LIBRARIES = YES;
				DEVELOPMENT_TEAM = 9KDW35V6BS;
				FRAMEWORK_SEARCH_PATHS = "$(inherited)";
				INFOPLIST_FILE = Tests/Info.plist;
				LD_RUNPATH_SEARCH_PATHS = "$(inherited)";
				PRODUCT_BUNDLE_IDENTIFIER = "org.cocoapods.$(PRODUCT_NAME:rfc1034identifier)";
				PRODUCT_NAME = "$(TARGET_NAME)";
				SWIFT_VERSION = 5.0;
				TEST_HOST = "$(BUILT_PRODUCTS_DIR)/ASMediaStream_Example.app/ASMediaStream_Example";
			};
			name = Release;
		};
/* End XCBuildConfiguration section */

/* Begin XCConfigurationList section */
		607FACCB1AFB9204008FA782 /* Build configuration list for PBXProject "ASMediaStream" */ = {
			isa = XCConfigurationList;
			buildConfigurations = (
				607FACED1AFB9204008FA782 /* Debug */,
				607FACEE1AFB9204008FA782 /* Release */,
			);
			defaultConfigurationIsVisible = 0;
			defaultConfigurationName = Release;
		};
		607FACEF1AFB9204008FA782 /* Build configuration list for PBXNativeTarget "ASMediaStream_Example" */ = {
			isa = XCConfigurationList;
			buildConfigurations = (
				607FACF01AFB9204008FA782 /* Debug */,
				607FACF11AFB9204008FA782 /* Release */,
			);
			defaultConfigurationIsVisible = 0;
			defaultConfigurationName = Release;
		};
		607FACF21AFB9204008FA782 /* Build configuration list for PBXNativeTarget "ASMediaStream_Tests" */ = {
			isa = XCConfigurationList;
			buildConfigurations = (
				607FACF31AFB9204008FA782 /* Debug */,
				607FACF41AFB9204008FA782 /* Release */,
			);
			defaultConfigurationIsVisible = 0;
			defaultConfigurationName = Release;
		};
/* End XCConfigurationList section */
	};
	rootObject = 607FACC81AFB9204008FA782 /* Project object */;
}
